github.com/kpango/fastime v1.0.1 h1:vQEIc1BcsqoN2faGoZFw/GMGEQ1o378TXBGsejUwWqs=
github.com/kpango/fastime v1.0.1/go.mod h1:Y5XY5bLG5yc7g2XmMUzc22XYV1XaH+KgUOHkDvLp4SA=
github.com/kpango/fastime v1.0.2 h1:yBowxbDW0qz6EcmoV6ASj4aprgmpzDIlsd+ECN2RiaU=
github.com/kpango/fastime v1.0.2/go.mod h1:Y5XY5bLG5yc7g2XmMUzc22XYV1XaH+KgUOHkDvLp4SA=
github.com/kpango/fastime v1.0.3 h1:brY3CZK7gJR+FruoH0iorbjRfLWzOv3fLfSoWTYX6kA=
github.com/kpango/fastime v1.0.3/go.mod h1:Y5XY5bLG5yc7g2XmMUzc22XYV1XaH+KgUOHkDvLp4SA=
