github.com/kpango/fastime v1.0.12 h1:7I1Ha4tu1GOM9LIGEQnNYCcA5BrcYfJ+4ZU0ed491B8=
github.com/kpango/fastime v1.0.12/go.mod h1:lVqUTcXmQnk1wriyvq5DElbRSRDC0XtqbXQRdz0Eo+g=
github.com/kpango/fastime v1.0.13 h1:U73m+t8JywIMqSiwBaWiSzanyE7o5JUyqtBBhIFhkOQ=
github.com/kpango/fastime v1.0.13/go.mod h1:lVqUTcXmQnk1wriyvq5DElbRSRDC0XtqbXQRdz0Eo+g=
